
Microsoft Visual Studio Solution File, Format Version 12.00
# Visual Studio Version 17
VisualStudioVersion = 17.0.32126.317
MinimumVisualStudioVersion = 10.0.40219.1
Project("{FAE04EC0-301F-11D3-BF4B-00C04F79EFBC}") = "FOR_Loop_Tic_Tac_Toe", "FOR_Loop_Tic_Tac_Toe\FOR_Loop_Tic_Tac_Toe.csproj", "{ED250166-C2D7-478F-B209-AF23570307D6}"
EndProject
Global
	GlobalSection(SolutionConfigurationPlatforms) = preSolution
		Debug|Any CPU = Debug|Any CPU
		Release|Any CPU = Release|Any CPU
	EndGlobalSection
	GlobalSection(ProjectConfigurationPlatforms) = postSolution
		{ED250166-C2D7-478F-B209-AF23570307D6}.Debug|Any CPU.ActiveCfg = Debug|Any CPU
		{ED250166-C2D7-478F-B209-AF23570307D6}.Debug|Any CPU.Build.0 = Debug|Any CPU
		{ED250166-C2D7-478F-B209-AF23570307D6}.Release|Any CPU.ActiveCfg = Release|Any CPU
		{ED250166-C2D7-478F-B209-AF23570307D6}.Release|Any CPU.Build.0 = Release|Any CPU
	EndGlobalSection
	GlobalSection(SolutionProperties) = preSolution
		HideSolutionNode = FALSE
	EndGlobalSection
	GlobalSection(ExtensibilityGlobals) = postSolution
		SolutionGuid = {BE778EA5-8D1E-4126-9038-33F213D90F98}
	EndGlobalSection
EndGlobal
